
Microsoft Visual Studio Solution File, Format Version 12.00
# Visual Studio Version 16
VisualStudioVersion = 16.0.30717.126
MinimumVisualStudioVersion = 10.0.40219.1
Project("{9A19103F-16F7-4668-BE54-9A1E7A4F7556}") = "CaroOnline.Data", "CaroOnline.Data\CaroOnline.Data.csproj", "{5D87BF3D-07E6-402D-B4A9-172FC9FAAEB5}"
EndProject
Project("{9A19103F-16F7-4668-BE54-9A1E7A4F7556}") = "CaroOnline.WebApi", "CaroOnline.WebApi\CaroOnline.WebApi.csproj", "{173A3862-3977-4E5F-A533-C90BD82B77A2}"
EndProject
Project("{FAE04EC0-301F-11D3-BF4B-00C04F79EFBC}") = "CaroOnline.Services", "CaroOnline.Services\CaroOnline.Services.csproj", "{38C52831-C035-4663-8E45-F87E0771CA33}"
EndProject
Global
	GlobalSection(SolutionConfigurationPlatforms) = preSolution
		Debug|Any CPU = Debug|Any CPU
		Release|Any CPU = Release|Any CPU
	EndGlobalSection
	GlobalSection(ProjectConfigurationPlatforms) = postSolution
		{5D87BF3D-07E6-402D-B4A9-172FC9FAAEB5}.Debug|Any CPU.ActiveCfg = Debug|Any CPU
		{5D87BF3D-07E6-402D-B4A9-172FC9FAAEB5}.Debug|Any CPU.Build.0 = Debug|Any CPU
		{5D87BF3D-07E6-402D-B4A9-172FC9FAAEB5}.Release|Any CPU.ActiveCfg = Release|Any CPU
		{5D87BF3D-07E6-402D-B4A9-172FC9FAAEB5}.Release|Any CPU.Build.0 = Release|Any CPU
		{173A3862-3977-4E5F-A533-C90BD82B77A2}.Debug|Any CPU.ActiveCfg = Debug|Any CPU
		{173A3862-3977-4E5F-A533-C90BD82B77A2}.Debug|Any CPU.Build.0 = Debug|Any CPU
		{173A3862-3977-4E5F-A533-C90BD82B77A2}.Release|Any CPU.ActiveCfg = Release|Any CPU
		{173A3862-3977-4E5F-A533-C90BD82B77A2}.Release|Any CPU.Build.0 = Release|Any CPU
		{38C52831-C035-4663-8E45-F87E0771CA33}.Debug|Any CPU.ActiveCfg = Debug|Any CPU
		{38C52831-C035-4663-8E45-F87E0771CA33}.Debug|Any CPU.Build.0 = Debug|Any CPU
		{38C52831-C035-4663-8E45-F87E0771CA33}.Release|Any CPU.ActiveCfg = Release|Any CPU
		{38C52831-C035-4663-8E45-F87E0771CA33}.Release|Any CPU.Build.0 = Release|Any CPU
	EndGlobalSection
	GlobalSection(SolutionProperties) = preSolution
		HideSolutionNode = FALSE
	EndGlobalSection
	GlobalSection(ExtensibilityGlobals) = postSolution
		SolutionGuid = {47EF1B56-8F4E-4789-A137-0F416D41026D}
	EndGlobalSection
EndGlobal
